// !$*UTF8*$!
{
	archiveVersion = 1;
	classes = {
	};
	objectVersion = 110;
	objects = {

/* Begin PBXContainerItemProxy section */
		DD3E1E0A30530ABB0088F895 /* PBXContainerItemProxy */ = {
			isa = PBXContainerItemProxy;
			containerPortal = DD3E1DF230530ABA0088F895 /* Project object */;
			proxyType = 1;
			remoteGlobalIDString = DD3E1DF930530ABA0088F895;
			remoteInfo = SwiftyCitizen;
		};
		DD3E1E1430530ABB0088F895 /* PBXContainerItemProxy */ = {
			isa = PBXContainerItemProxy;
			containerPortal = DD3E1DF230530ABA0088F895 /* Project object */;
			proxyType = 1;
			remoteGlobalIDString = DD3E1DF930530ABA0088F895;
			remoteInfo = SwiftyCitizen;
		};
/* End PBXContainerItemProxy section */

/* Begin PBXFileReference section */
		DD3E1DFA30530ABA0088F895 /* SwiftyCitizen.app */ = {isa = PBXFileReference; explicitFileType = wrapper.application; includeInIndex = 0; path = SwiftyCitizen.app; sourceTree = BUILT_PRODUCTS_DIR; };
		DD3E1E0930530ABB0088F895 /* SwiftyCitizenTests.xctest */ = {isa = PBXFileReference; explicitFileType = wrapper.cfbundle; includeInIndex = 0; path = SwiftyCitizenTests.xctest; sourceTree = BUILT_PRODUCTS_DIR; };
		DD3E1E1330530ABB0088F895 /* SwiftyCitizenUITests.xctest */ = {isa = PBXFileReference; explicitFileType = wrapper.cfbundle; includeInIndex = 0; path = SwiftyCitizenUITests.xctest; sourceTree = BUILT_PRODUCTS_DIR; };
/* End PBXFileReference section */

/* Begin PBXFileSystemSynchronizedRootGroup section */
		DD3E1DFC30530ABA0088F895 /* SwiftyCitizen */ = {
			isa = PBXFileSystemSynchronizedRootGroup;
			path = SwiftyCitizen;
			sourceTree = "<group>";
		};
		DD3E1E0C30530ABB0088F895 /* SwiftyCitizenTests */ = {
			isa = PBXFileSystemSynchronizedRootGroup;
			path = SwiftyCitizenTests;
			sourceTree = "<group>";
		};
		DD3E1E1630530ABB0088F895 /* SwiftyCitizenUITests */ = {
			isa = PBXFileSystemSynchronizedRootGroup;
			path = SwiftyCitizenUITests;
			sourceTree = "<group>";
		};
/* End PBXFileSystemSynchronizedRootGroup section */

/* Begin PBXFrameworksBuildPhase section */
		DD3E1DF730530ABA0088F895 /* Frameworks */ = {
			isa = PBXFrameworksBuildPhase;
			files = (
			);
		};
		DD3E1E0630530ABB0088F895 /* Frameworks */ = {
			isa = PBXFrameworksBuildPhase;
			files = (
			);
		};
		DD3E1E1030530ABB0088F895 /* Frameworks */ = {
			isa = PBXFrameworksBuildPhase;
			files = (
			);
		};
/* End PBXFrameworksBuildPhase section */

/* Begin PBXGroup section */
		DD3E1DF130530ABA0088F895 = {
			isa = PBXGroup;
			children = (
				DD3E1DFC30530ABA0088F895 /* SwiftyCitizen */,
				DD3E1E0C30530ABB0088F895 /* SwiftyCitizenTests */,
				DD3E1E1630530ABB0088F895 /* SwiftyCitizenUITests */,
				DD3E1DFB30530ABA0088F895 /* Products */,
			);
			sourceTree = "<group>";
		};
		DD3E1DFB30530ABA0088F895 /* Products */ = {
			isa = PBXGroup;
			children = (
				DD3E1DFA30530ABA0088F895 /* SwiftyCitizen.app */,
				DD3E1E0930530ABB0088F895 /* SwiftyCitizenTests.xctest */,
				DD3E1E1330530ABB0088F895 /* SwiftyCitizenUITests.xctest */,
			);
			name = Products;
			sourceTree = "<group>";
		};
/* End PBXGroup section */

/* Begin PBXNativeTarget section */
		DD3E1DF930530ABA0088F895 /* SwiftyCitizen */ = {
			isa = PBXNativeTarget;
			buildConfigurationList = DD3E1E1B30530ABB0088F895 /* Build configuration list for PBXNativeTarget "SwiftyCitizen" */;
			buildPhases = (
				DD3E1DF630530ABA0088F895 /* Sources */,
				DD3E1DF730530ABA0088F895 /* Frameworks */,
				DD3E1DF830530ABA0088F895 /* Resources */,
			);
			buildRules = (
			);
			fileSystemSynchronizedGroups = (
				DD3E1DFC30530ABA0088F895 /* SwiftyCitizen */,
			);
			name = SwiftyCitizen;
			productName = SwiftyCitizen;
			productReference = DD3E1DFA30530ABA0088F895 /* SwiftyCitizen.app */;
			productType = "com.apple.product-type.application";
		};
		DD3E1E0830530ABB0088F895 /* SwiftyCitizenTests */ = {
			isa = PBXNativeTarget;
			buildConfigurationList = DD3E1E1E30530ABB0088F895 /* Build configuration list for PBXNativeTarget "SwiftyCitizenTests" */;
			buildPhases = (
				DD3E1E0530530ABB0088F895 /* Sources */,
				DD3E1E0630530ABB0088F895 /* Frameworks */,
				DD3E1E0730530ABB0088F895 /* Resources */,
			);
			buildRules = (
			);
			dependencies = (
				DD3E1E0B30530ABB0088F895 /* PBXTargetDependency */,
			);
			fileSystemSynchronizedGroups = (
				DD3E1E0C30530ABB0088F895 /* SwiftyCitizenTests */,
			);
			name = SwiftyCitizenTests;
			productName = SwiftyCitizenTests;
			productReference = DD3E1E0930530ABB0088F895 /* SwiftyCitizenTests.xctest */;
			productType = "com.apple.product-type.bundle.unit-test";
		};
		DD3E1E1230530ABB0088F895 /* SwiftyCitizenUITests */ = {
			isa = PBXNativeTarget;
			buildConfigurationList = DD3E1E2130530ABB0088F895 /* Build configuration list for PBXNativeTarget "SwiftyCitizenUITests" */;
			buildPhases = (
				DD3E1E0F30530ABB0088F895 /* Sources */,
				DD3E1E1030530ABB0088F895 /* Frameworks */,
				DD3E1E1130530ABB0088F895 /* Resources */,
			);
			buildRules = (
			);
			dependencies = (
				DD3E1E1530530ABB0088F895 /* PBXTargetDependency */,
			);
			fileSystemSynchronizedGroups = (
				DD3E1E1630530ABB0088F895 /* SwiftyCitizenUITests */,
			);
			name = SwiftyCitizenUITests;
			productName = SwiftyCitizenUITests;
			productReference = DD3E1E1330530ABB0088F895 /* SwiftyCitizenUITests.xctest */;
			productType = "com.apple.product-type.bundle.ui-testing";
		};
/* End PBXNativeTarget section */

/* Begin PBXProject section */
		DD3E1DF230530ABA0088F895 /* Project object */ = {
			isa = PBXProject;
			attributes = {
				BuildIndependentTargetsInParallel = 1;
				LastSwiftUpdateCheck = 2700;
				LastUpgradeCheck = 2700;
				TargetAttributes = {
					DD3E1DF930530ABA0088F895 = {
						CreatedOnToolsVersion = 27.0;
					};
					DD3E1E0830530ABB0088F895 = {
						CreatedOnToolsVersion = 27.0;
						TestTargetID = DD3E1DF930530ABA0088F895;
					};
					DD3E1E1230530ABB0088F895 = {
						CreatedOnToolsVersion = 27.0;
						TestTargetID = DD3E1DF930530ABA0088F895;
					};
				};
			};
			buildConfigurationList = DD3E1DF530530ABA0088F895 /* Build configuration list for PBXProject "SwiftyCitizen" */;
			developmentRegion = en;
			hasScannedForEncodings = 0;
			knownRegions = (
				en,
				Base,
			);
			mainGroup = DD3E1DF130530ABA0088F895;
			minimizedProjectReferenceProxies = 1;
			preferredProjectObjectVersion = 77;
			productRefGroup = DD3E1DFB30530ABA0088F895 /* Products */;
			projectDirPath = "";
			projectRoot = "";
			targets = (
				DD3E1DF930530ABA0088F895 /* SwiftyCitizen */,
				DD3E1E0830530ABB0088F895 /* SwiftyCitizenTests */,
				DD3E1E1230530ABB0088F895 /* SwiftyCitizenUITests */,
			);
		};
/* End PBXProject section */

/* Begin PBXResourcesBuildPhase section */
		DD3E1DF830530ABA0088F895 /* Resources */ = {
			isa = PBXResourcesBuildPhase;
			files = (
			);
		};
		DD3E1E0730530ABB0088F895 /* Resources */ = {
			isa = PBXResourcesBuildPhase;
			files = (
			);
		};
		DD3E1E1130530ABB0088F895 /* Resources */ = {
			isa = PBXResourcesBuildPhase;
			files = (
			);
		};
/* End PBXResourcesBuildPhase section */

/* Begin PBXSourcesBuildPhase section */
		DD3E1DF630530ABA0088F895 /* Sources */ = {
			isa = PBXSourcesBuildPhase;
			files = (
			);
		};
		DD3E1E0530530ABB0088F895 /* Sources */ = {
			isa = PBXSourcesBuildPhase;
			files = (
			);
		};
		DD3E1E0F30530ABB0088F895 /* Sources */ = {
			isa = PBXSourcesBuildPhase;
			files = (
			);
		};
/* End PBXSourcesBuildPhase section */

/* Begin PBXTargetDependency section */
		DD3E1E0B30530ABB0088F895 /* PBXTargetDependency */ = {
			isa = PBXTargetDependency;
			target = DD3E1DF930530ABA0088F895 /* SwiftyCitizen */;
			targetProxy = DD3E1E0A30530ABB0088F895 /* PBXContainerItemProxy */;
		};
		DD3E1E1530530ABB0088F895 /* PBXTargetDependency */ = {
			isa = PBXTargetDependency;
			target = DD3E1DF930530ABA0088F895 /* SwiftyCitizen */;
			targetProxy = DD3E1E1430530ABB0088F895 /* PBXContainerItemProxy */;
		};
/* End PBXTargetDependency section */

/* Begin XCBuildConfiguration section */
		DD3E1E1930530ABB0088F895 /* Debug configuration for PBXProject "SwiftyCitizen" */ = {
			isa = XCBuildConfiguration;
			buildSettings = {
				ALWAYS_SEARCH_USER_PATHS = NO;
				ASSETCATALOG_COMPILER_GENERATE_SWIFT_ASSET_SYMBOL_EXTENSIONS = YES;
				CLANG_ANALYZER_NONNULL = YES;
				CLANG_ANALYZER_NUMBER_OBJECT_CONVERSION = YES_AGGRESSIVE;
				CLANG_CXX_LANGUAGE_STANDARD = "gnu++20";
				CLANG_ENABLE_MODULES = YES;
				CLANG_ENABLE_OBJC_ARC = YES;
				CLANG_ENABLE_OBJC_WEAK = YES;
				CLANG_WARN_BLOCK_CAPTURE_AUTORELEASING = YES;
				CLANG_WARN_BOOL_CONVERSION = YES;
				CLANG_WARN_COMMA = YES;
				CLANG_WARN_CONSTANT_CONVERSION = YES;
				CLANG_WARN_DEPRECATED_OBJC_IMPLEMENTATIONS = YES;
				CLANG_WARN_DIRECT_OBJC_ISA_USAGE = YES_ERROR;
				CLANG_WARN_DOCUMENTATION_COMMENTS = YES;
				CLANG_WARN_EMPTY_BODY = YES;
				CLANG_WARN_ENUM_CONVERSION = YES;
				CLANG_WARN_INFINITE_RECURSION = YES;
				CLANG_WARN_INT_CONVERSION = YES;
				CLANG_WARN_NON_LITERAL_NULL_CONVERSION = YES;
				CLANG_WARN_OBJC_IMPLICIT_RETAIN_SELF = YES;
				CLANG_WARN_OBJC_LITERAL_CONVERSION = YES;
				CLANG_WARN_OBJC_ROOT_CLASS = YES_ERROR;
				CLANG_WARN_QUOTED_INCLUDE_IN_FRAMEWORK_HEADER = YES;
				CLANG_WARN_RANGE_LOOP_ANALYSIS = YES;
				CLANG_WARN_STRICT_PROTOTYPES = YES;
				CLANG_WARN_SUSPICIOUS_MOVE = YES;
				CLANG_WARN_UNGUARDED_AVAILABILITY = YES_AGGRESSIVE;
				CLANG_WARN_UNREACHABLE_CODE = YES;
				CLANG_WARN__DUPLICATE_METHOD_MATCH = YES;
				COPY_PHASE_STRIP = NO;
				DEBUG_INFORMATION_FORMAT = dwarf;
				DEVELOPMENT_TEAM = 3PLD5VHEP6;
				ENABLE_STRICT_OBJC_MSGSEND = YES;
				ENABLE_TESTABILITY = YES;
				ENABLE_USER_SCRIPT_SANDBOXING = YES;
				GCC_C_LANGUAGE_STANDARD = gnu17;
				GCC_DYNAMIC_NO_PIC = NO;
				GCC_NO_COMMON_BLOCKS = YES;
				GCC_OPTIMIZATION_LEVEL = 0;
				GCC_PREPROCESSOR_DEFINITIONS = (
					"DEBUG=1",
					"$(inherited)",
				);
				GCC_WARN_64_TO_32_BIT_CONVERSION = YES;
				GCC_WARN_ABOUT_RETURN_TYPE = YES_ERROR;
				GCC_WARN_UNDECLARED_SELECTOR = YES;
				GCC_WARN_UNINITIALIZED_AUTOS = YES_AGGRESSIVE;
				GCC_WARN_UNUSED_FUNCTION = YES;
				GCC_WARN_UNUSED_VARIABLE = YES;
				IPHONEOS_DEPLOYMENT_TARGET = 27.0;
				LOCALIZATION_PREFERS_STRING_CATALOGS = YES;
				MTL_ENABLE_DEBUG_INFO = INCLUDE_SOURCE;
				MTL_FAST_MATH = YES;
				ONLY_ACTIVE_ARCH = YES;
				SDKROOT = iphoneos;
				SWIFT_ACTIVE_COMPILATION_CONDITIONS = "DEBUG $(inherited)";
				SWIFT_OPTIMIZATION_LEVEL = "-Onone";
			};
			name = Debug;
		};
		DD3E1E1A30530ABB0088F895 /* Release configuration for PBXProject "SwiftyCitizen" */ = {
			isa = XCBuildConfiguration;
			buildSettings = {
				ALWAYS_SEARCH_USER_PATHS = NO;
				ASSETCATALOG_COMPILER_GENERATE_SWIFT_ASSET_SYMBOL_EXTENSIONS = YES;
				CLANG_ANALYZER_NONNULL = YES;
				CLANG_ANALYZER_NUMBER_OBJECT_CONVERSION = YES_AGGRESSIVE;
				CLANG_CXX_LANGUAGE_STANDARD = "gnu++20";
				CLANG_ENABLE_MODULES = YES;
				CLANG_ENABLE_OBJC_ARC = YES;
				CLANG_ENABLE_OBJC_WEAK = YES;
				CLANG_WARN_BLOCK_CAPTURE_AUTORELEASING = YES;
				CLANG_WARN_BOOL_CONVERSION = YES;
				CLANG_WARN_COMMA = YES;
				CLANG_WARN_CONSTANT_CONVERSION = YES;
				CLANG_WARN_DEPRECATED_OBJC_IMPLEMENTATIONS = YES;
				CLANG_WARN_DIRECT_OBJC_ISA_USAGE = YES_ERROR;
				CLANG_WARN_DOCUMENTATION_COMMENTS = YES;
				CLANG_WARN_EMPTY_BODY = YES;
				CLANG_WARN_ENUM_CONVERSION = YES;
				CLANG_WARN_INFINITE_RECURSION = YES;
				CLANG_WARN_INT_CONVERSION = YES;
				CLANG_WARN_NON_LITERAL_NULL_CONVERSION = YES;
				CLANG_WARN_OBJC_IMPLICIT_RETAIN_SELF = YES;
				CLANG_WARN_OBJC_LITERAL_CONVERSION = YES;
				CLANG_WARN_OBJC_ROOT_CLASS = YES_ERROR;
				CLANG_WARN_QUOTED_INCLUDE_IN_FRAMEWORK_HEADER = YES;
				CLANG_WARN_RANGE_LOOP_ANALYSIS = YES;
				CLANG_WARN_STRICT_PROTOTYPES = YES;
				CLANG_WARN_SUSPICIOUS_MOVE = YES;
				CLANG_WARN_UNGUARDED_AVAILABILITY = YES_AGGRESSIVE;
				CLANG_WARN_UNREACHABLE_CODE = YES;
				CLANG_WARN__DUPLICATE_METHOD_MATCH = YES;
				COPY_PHASE_STRIP = NO;
				DEBUG_INFORMATION_FORMAT = "dwarf-with-dsym";
				DEVELOPMENT_TEAM = 3PLD5VHEP6;
				ENABLE_NS_ASSERTIONS = NO;
				ENABLE_STRICT_OBJC_MSGSEND = YES;
				ENABLE_USER_SCRIPT_SANDBOXING = YES;
				GCC_C_LANGUAGE_STANDARD = gnu17;
				GCC_NO_COMMON_BLOCKS = YES;
				GCC_WARN_64_TO_32_BIT_CONVERSION = YES;
				GCC_WARN_ABOUT_RETURN_TYPE = YES_ERROR;
				GCC_WARN_UNDECLARED_SELECTOR = YES;
				GCC_WARN_UNINITIALIZED_AUTOS = YES_AGGRESSIVE;
				GCC_WARN_UNUSED_FUNCTION = YES;
				GCC_WARN_UNUSED_VARIABLE = YES;
				IPHONEOS_DEPLOYMENT_TARGET = 27.0;
				LOCALIZATION_PREFERS_STRING_CATALOGS = YES;
				MTL_ENABLE_DEBUG_INFO = NO;
				MTL_FAST_MATH = YES;
				SDKROOT = iphoneos;
				SWIFT_COMPILATION_MODE = wholemodule;
				VALIDATE_PRODUCT = YES;
			};
			name = Release;
		};
		DD3E1E1C30530ABB0088F895 /* Debug configuration for PBXNativeTarget "SwiftyCitizen" */ = {
			isa = XCBuildConfiguration;
			buildSettings = {
				ASSETCATALOG_COMPILER_APPICON_NAME = AppIcon;
				ASSETCATALOG_COMPILER_GLOBAL_ACCENT_COLOR_NAME = AccentColor;
				CODE_SIGN_STYLE = Automatic;
				CURRENT_PROJECT_VERSION = 1;
				DEVELOPMENT_TEAM = 3PLD5VHEP6;
				ENABLE_PREVIEWS = YES;
				GENERATE_INFOPLIST_FILE = YES;
				INFOPLIST_KEY_UIApplicationSceneManifest_Generation = YES;
				INFOPLIST_KEY_UIApplicationSupportsIndirectInputEvents = YES;
				INFOPLIST_KEY_UILaunchScreen_Generation = YES;
				INFOPLIST_KEY_UISupportedInterfaceOrientations_iPad = "UIInterfaceOrientationPortrait UIInterfaceOrientationPortraitUpsideDown UIInterfaceOrientationLandscapeLeft UIInterfaceOrientationLandscapeRight";
				INFOPLIST_KEY_UISupportedInterfaceOrientations_iPhone = "UIInterfaceOrientationPortrait UIInterfaceOrientationLandscapeLeft UIInterfaceOrientationLandscapeRight";
				LD_RUNPATH_SEARCH_PATHS = (
					"$(inherited)",
					"@executable_path/Frameworks",
				);
				MARKETING_VERSION = 1.0;
				PRODUCT_BUNDLE_IDENTIFIER = com.andres.paladines.multimedia.project.SwiftyCitizen;
				PRODUCT_NAME = "$(TARGET_NAME)";
				STRING_CATALOG_GENERATE_SYMBOLS = YES;
				SWIFT_APPROACHABLE_CONCURRENCY = YES;
				SWIFT_DEFAULT_ACTOR_ISOLATION = MainActor;
				SWIFT_EMIT_LOC_STRINGS = YES;
				SWIFT_UPCOMING_FEATURE_MEMBER_IMPORT_VISIBILITY = YES;
				SWIFT_VERSION = 5.0;
				TARGETED_DEVICE_FAMILY = "1,2";
			};
			name = Debug;
		};
		DD3E1E1D30530ABB0088F895 /* Release configuration for PBXNativeTarget "SwiftyCitizen" */ = {
			isa = XCBuildConfiguration;
			buildSettings = {
				ASSETCATALOG_COMPILER_APPICON_NAME = AppIcon;
				ASSETCATALOG_COMPILER_GLOBAL_ACCENT_COLOR_NAME = AccentColor;
				CODE_SIGN_STYLE = Automatic;
				CURRENT_PROJECT_VERSION = 1;
				DEVELOPMENT_TEAM = 3PLD5VHEP6;
				ENABLE_PREVIEWS = YES;
				GENERATE_INFOPLIST_FILE = YES;
				INFOPLIST_KEY_UIApplicationSceneManifest_Generation = YES;
				INFOPLIST_KEY_UIApplicationSupportsIndirectInputEvents = YES;
				INFOPLIST_KEY_UILaunchScreen_Generation = YES;
				INFOPLIST_KEY_UISupportedInterfaceOrientations_iPad = "UIInterfaceOrientationPortrait UIInterfaceOrientationPortraitUpsideDown UIInterfaceOrientationLandscapeLeft UIInterfaceOrientationLandscapeRight";
				INFOPLIST_KEY_UISupportedInterfaceOrientations_iPhone = "UIInterfaceOrientationPortrait UIInterfaceOrientationLandscapeLeft UIInterfaceOrientationLandscapeRight";
				LD_RUNPATH_SEARCH_PATHS = (
					"$(inherited)",
					"@executable_path/Frameworks",
				);
				MARKETING_VERSION = 1.0;
				PRODUCT_BUNDLE_IDENTIFIER = com.andres.paladines.multimedia.project.SwiftyCitizen;
				PRODUCT_NAME = "$(TARGET_NAME)";
				STRING_CATALOG_GENERATE_SYMBOLS = YES;
				SWIFT_APPROACHABLE_CONCURRENCY = YES;
				SWIFT_DEFAULT_ACTOR_ISOLATION = MainActor;
				SWIFT_EMIT_LOC_STRINGS = YES;
				SWIFT_UPCOMING_FEATURE_MEMBER_IMPORT_VISIBILITY = YES;
				SWIFT_VERSION = 5.0;
				TARGETED_DEVICE_FAMILY = "1,2";
			};
			name = Release;
		};
		DD3E1E1F30530ABB0088F895 /* Debug configuration for PBXNativeTarget "SwiftyCitizenTests" */ = {
			isa = XCBuildConfiguration;
			buildSettings = {
				BUNDLE_LOADER = "$(TEST_HOST)";
				CODE_SIGN_STYLE = Automatic;
				CURRENT_PROJECT_VERSION = 1;
				DEVELOPMENT_TEAM = 3PLD5VHEP6;
				GENERATE_INFOPLIST_FILE = YES;
				IPHONEOS_DEPLOYMENT_TARGET = 27.0;
				MARKETING_VERSION = 1.0;
				PRODUCT_BUNDLE_IDENTIFIER = com.andres.paladines.multimedia.project.SwiftyCitizenTests;
				PRODUCT_NAME = "$(TARGET_NAME)";
				STRING_CATALOG_GENERATE_SYMBOLS = NO;
				SWIFT_APPROACHABLE_CONCURRENCY = YES;
				SWIFT_EMIT_LOC_STRINGS = NO;
				SWIFT_UPCOMING_FEATURE_MEMBER_IMPORT_VISIBILITY = YES;
				SWIFT_VERSION = 5.0;
				TARGETED_DEVICE_FAMILY = "1,2";
				TEST_HOST = "$(BUILT_PRODUCTS_DIR)/SwiftyCitizen.app/$(BUNDLE_EXECUTABLE_FOLDER_PATH)/SwiftyCitizen";
			};
			name = Debug;
		};
		DD3E1E2030530ABB0088F895 /* Release configuration for PBXNativeTarget "SwiftyCitizenTests" */ = {
			isa = XCBuildConfiguration;
			buildSettings = {
				BUNDLE_LOADER = "$(TEST_HOST)";
				CODE_SIGN_STYLE = Automatic;
				CURRENT_PROJECT_VERSION = 1;
				DEVELOPMENT_TEAM = 3PLD5VHEP6;
				GENERATE_INFOPLIST_FILE = YES;
				IPHONEOS_DEPLOYMENT_TARGET = 27.0;
				MARKETING_VERSION = 1.0;
				PRODUCT_BUNDLE_IDENTIFIER = com.andres.paladines.multimedia.project.SwiftyCitizenTests;
				PRODUCT_NAME = "$(TARGET_NAME)";
				STRING_CATALOG_GENERATE_SYMBOLS = NO;
				SWIFT_APPROACHABLE_CONCURRENCY = YES;
				SWIFT_EMIT_LOC_STRINGS = NO;
				SWIFT_UPCOMING_FEATURE_MEMBER_IMPORT_VISIBILITY = YES;
				SWIFT_VERSION = 5.0;
				TARGETED_DEVICE_FAMILY = "1,2";
				TEST_HOST = "$(BUILT_PRODUCTS_DIR)/SwiftyCitizen.app/$(BUNDLE_EXECUTABLE_FOLDER_PATH)/SwiftyCitizen";
			};
			name = Release;
		};
		DD3E1E2230530ABB0088F895 /* Debug configuration for PBXNativeTarget "SwiftyCitizenUITests" */ = {
			isa = XCBuildConfiguration;
			buildSettings = {
				CODE_SIGN_STYLE = Automatic;
				CURRENT_PROJECT_VERSION = 1;
				DEVELOPMENT_TEAM = 3PLD5VHEP6;
				GENERATE_INFOPLIST_FILE = YES;
				MARKETING_VERSION = 1.0;
				PRODUCT_BUNDLE_IDENTIFIER = com.andres.paladines.multimedia.project.SwiftyCitizenUITests;
				PRODUCT_NAME = "$(TARGET_NAME)";
				STRING_CATALOG_GENERATE_SYMBOLS = NO;
				SWIFT_APPROACHABLE_CONCURRENCY = YES;
				SWIFT_EMIT_LOC_STRINGS = NO;
				SWIFT_UPCOMING_FEATURE_MEMBER_IMPORT_VISIBILITY = YES;
				SWIFT_VERSION = 5.0;
				TARGETED_DEVICE_FAMILY = "1,2";
				TEST_TARGET_NAME = SwiftyCitizen;
			};
			name = Debug;
		};
		DD3E1E2330530ABB0088F895 /* Release configuration for PBXNativeTarget "SwiftyCitizenUITests" */ = {
			isa = XCBuildConfiguration;
			buildSettings = {
				CODE_SIGN_STYLE = Automatic;
				CURRENT_PROJECT_VERSION = 1;
				DEVELOPMENT_TEAM = 3PLD5VHEP6;
				GENERATE_INFOPLIST_FILE = YES;
				MARKETING_VERSION = 1.0;
				PRODUCT_BUNDLE_IDENTIFIER = com.andres.paladines.multimedia.project.SwiftyCitizenUITests;
				PRODUCT_NAME = "$(TARGET_NAME)";
				STRING_CATALOG_GENERATE_SYMBOLS = NO;
				SWIFT_APPROACHABLE_CONCURRENCY = YES;
				SWIFT_EMIT_LOC_STRINGS = NO;
				SWIFT_UPCOMING_FEATURE_MEMBER_IMPORT_VISIBILITY = YES;
				SWIFT_VERSION = 5.0;
				TARGETED_DEVICE_FAMILY = "1,2";
				TEST_TARGET_NAME = SwiftyCitizen;
			};
			name = Release;
		};
/* End XCBuildConfiguration section */

/* Begin XCConfigurationList section */
		DD3E1DF530530ABA0088F895 /* Build configuration list for PBXProject "SwiftyCitizen" */ = {
			isa = XCConfigurationList;
			buildConfigurations = (
				DD3E1E1930530ABB0088F895 /* Debug configuration for PBXProject "SwiftyCitizen" */,
				DD3E1E1A30530ABB0088F895 /* Release configuration for PBXProject "SwiftyCitizen" */,
			);
			defaultConfigurationName = Release;
		};
		DD3E1E1B30530ABB0088F895 /* Build configuration list for PBXNativeTarget "SwiftyCitizen" */ = {
			isa = XCConfigurationList;
			buildConfigurations = (
				DD3E1E1C30530ABB0088F895 /* Debug configuration for PBXNativeTarget "SwiftyCitizen" */,
				DD3E1E1D30530ABB0088F895 /* Release configuration for PBXNativeTarget "SwiftyCitizen" */,
			);
			defaultConfigurationName = Release;
		};
		DD3E1E1E30530ABB0088F895 /* Build configuration list for PBXNativeTarget "SwiftyCitizenTests" */ = {
			isa = XCConfigurationList;
			buildConfigurations = (
				DD3E1E1F30530ABB0088F895 /* Debug configuration for PBXNativeTarget "SwiftyCitizenTests" */,
				DD3E1E2030530ABB0088F895 /* Release configuration for PBXNativeTarget "SwiftyCitizenTests" */,
			);
			defaultConfigurationName = Release;
		};
		DD3E1E2130530ABB0088F895 /* Build configuration list for PBXNativeTarget "SwiftyCitizenUITests" */ = {
			isa = XCConfigurationList;
			buildConfigurations = (
				DD3E1E2230530ABB0088F895 /* Debug configuration for PBXNativeTarget "SwiftyCitizenUITests" */,
				DD3E1E2330530ABB0088F895 /* Release configuration for PBXNativeTarget "SwiftyCitizenUITests" */,
			);
			defaultConfigurationName = Release;
		};
/* End XCConfigurationList section */
	};
	rootObject = DD3E1DF230530ABA0088F895 /* Project object */;
	validationLevel = 1;
}
